Microsoft Visual Studio Solution File, Format Version 12.00
# Visual Studio Version 17
VisualStudioVersion = 17.5.2.0
MinimumVisualStudioVersion = 10.0.40219.1
Project("{FAE04EC0-301F-11D3-BF4B-00C04F79EFBC}") = "DungeonEscapeH1", "DungeonEscapeH1.csproj", "{35B6DF53-9920-979B-8FF7-AB23D1622733}"
EndProject
Global
	GlobalSection(SolutionConfigurationPlatforms) = preSolution
		Debug|Any CPU = Debug|Any CPU
		Release|Any CPU = Release|Any CPU
	EndGlobalSection
	GlobalSection(ProjectConfigurationPlatforms) = postSolution
		{35B6DF53-9920-979B-8FF7-AB23D1622733}.Debug|Any CPU.ActiveCfg = Debug|Any CPU
		{35B6DF53-9920-979B-8FF7-AB23D1622733}.Debug|Any CPU.Build.0 = Debug|Any CPU
		{35B6DF53-9920-979B-8FF7-AB23D1622733}.Release|Any CPU.ActiveCfg = Release|Any CPU
		{35B6DF53-9920-979B-8FF7-AB23D1622733}.Release|Any CPU.Build.0 = Release|Any CPU
	EndGlobalSection
	GlobalSection(SolutionProperties) = preSolution
		HideSolutionNode = FALSE
	EndGlobalSection
	GlobalSection(ExtensibilityGlobals) = postSolution
		SolutionGuid = {3035B348-48FA-4232-B0C1-8BF4F17E43F5}
	EndGlobalSection
EndGlobal
